
Microsoft Visual Studio Solution File, Format Version 12.00
# Visual Studio 14
VisualStudioVersion = 14.0.25123.0
MinimumVisualStudioVersion = 10.0.40219.1
Project("{FAE04EC0-301F-11D3-BF4B-00C04F79EFBC}") = "DemocracyApp.Droid", "DemocracyApp\DemocracyApp.Droid\DemocracyApp.Droid.csproj", "{EB705139-AE89-4014-9CB2-A459A1DE1733}"
EndProject
Project("{FAE04EC0-301F-11D3-BF4B-00C04F79EFBC}") = "DemocracyApp.iOS", "DemocracyApp\DemocracyApp.iOS\DemocracyApp.iOS.csproj", "{DE29F9AF-2B73-4EA7-A4E3-3B62A37D85E4}"
EndProject
Project("{FAE04EC0-301F-11D3-BF4B-00C04F79EFBC}") = "DemocracyApp.WinPhone", "DemocracyApp\DemocracyApp.WinPhone\DemocracyApp.WinPhone.csproj", "{D1763B72-6AD4-4BA7-AEA8-46F89E867F6F}"
EndProject
Project("{FAE04EC0-301F-11D3-BF4B-00C04F79EFBC}") = "DemocracyApp.UWP", "DemocracyApp\DemocracyApp.UWP\DemocracyApp.UWP.csproj", "{E4313256-2279-4D81-B6DE-6767A6319377}"
EndProject
Project("{FAE04EC0-301F-11D3-BF4B-00C04F79EFBC}") = "DemocracyApp.Windows", "DemocracyApp\DemocracyApp.Windows\DemocracyApp.Windows.csproj", "{BBFF950C-5F67-435D-BFFC-EA61BEB66A4C}"
EndProject
Project("{FAE04EC0-301F-11D3-BF4B-00C04F79EFBC}") = "DemocracyApp", "DemocracyApp\DemocracyApp\DemocracyApp.csproj", "{417CFE16-B0CC-4C93-8A1F-EACE50CB4227}"
EndProject
Global
	GlobalSection(SolutionConfigurationPlatforms) = preSolution
		Ad-Hoc|Any CPU = Ad-Hoc|Any CPU
		Ad-Hoc|ARM = Ad-Hoc|ARM
		Ad-Hoc|iPhone = Ad-Hoc|iPhone
		Ad-Hoc|iPhoneSimulator = Ad-Hoc|iPhoneSimulator
		Ad-Hoc|x64 = Ad-Hoc|x64
		Ad-Hoc|x86 = Ad-Hoc|x86
		AppStore|Any CPU = AppStore|Any CPU
		AppStore|ARM = AppStore|ARM
		AppStore|iPhone = AppStore|iPhone
		AppStore|iPhoneSimulator = AppStore|iPhoneSimulator
		AppStore|x64 = AppStore|x64
		AppStore|x86 = AppStore|x86
		Debug|Any CPU = Debug|Any CPU
		Debug|ARM = Debug|ARM
		Debug|iPhone = Debug|iPhone
		Debug|iPhoneSimulator = Debug|iPhoneSimulator
		Debug|x64 = Debug|x64
		Debug|x86 = Debug|x86
		Release|Any CPU = Release|Any CPU
		Release|ARM = Release|ARM
		Release|iPhone = Release|iPhone
		Release|iPhoneSimulator = Release|iPhoneSimulator
		Release|x64 = Release|x64
		Release|x86 = Release|x86
	EndGlobalSection
	GlobalSection(ProjectConfigurationPlatforms) = postSolution
		{EB705139-AE89-4014-9CB2-A459A1DE1733}.Ad-Hoc|Any CPU.ActiveCfg = Release|Any CPU
		{EB705139-AE89-4014-9CB2-A459A1DE1733}.Ad-Hoc|Any CPU.Build.0 = Release|Any CPU
		{EB705139-AE89-4014-9CB2-A459A1DE1733}.Ad-Hoc|Any CPU.Deploy.0 = Release|Any CPU
		{EB705139-AE89-4014-9CB2-A459A1DE1733}.Ad-Hoc|ARM.ActiveCfg = Release|Any CPU
		{EB705139-AE89-4014-9CB2-A459A1DE1733}.Ad-Hoc|ARM.Build.0 = Release|Any CPU
		{EB705139-AE89-4014-9CB2-A459A1DE1733}.Ad-Hoc|ARM.Deploy.0 = Release|Any CPU
		{EB705139-AE89-4014-9CB2-A459A1DE1733}.Ad-Hoc|iPhone.ActiveCfg = Release|Any CPU
		{EB705139-AE89-4014-9CB2-A459A1DE1733}.Ad-Hoc|iPhone.Build.0 = Release|Any CPU
		{EB705139-AE89-4014-9CB2-A459A1DE1733}.Ad-Hoc|iPhone.Deploy.0 = Release|Any CPU
		{EB705139-AE89-4014-9CB2-A459A1DE1733}.Ad-Hoc|iPhoneSimulator.ActiveCfg = Release|Any CPU
		{EB705139-AE89-4014-9CB2-A459A1DE1733}.Ad-Hoc|iPhoneSimulator.Build.0 = Release|Any CPU
		{EB705139-AE89-4014-9CB2-A459A1DE1733}.Ad-Hoc|iPhoneSimulator.Deploy.0 = Release|Any CPU
		{EB705139-AE89-4014-9CB2-A459A1DE1733}.Ad-Hoc|x64.ActiveCfg = Release|Any CPU
		{EB705139-AE89-4014-9CB2-A459A1DE1733}.Ad-Hoc|x64.Build.0 = Release|Any CPU
		{EB705139-AE89-4014-9CB2-A459A1DE1733}.Ad-Hoc|x64.Deploy.0 = Release|Any CPU
		{EB705139-AE89-4014-9CB2-A459A1DE1733}.Ad-Hoc|x86.ActiveCfg = Release|Any CPU
		{EB705139-AE89-4014-9CB2-A459A1DE1733}.Ad-Hoc|x86.Build.0 = Release|Any CPU
		{EB705139-AE89-4014-9CB2-A459A1DE1733}.Ad-Hoc|x86.Deploy.0 = Release|Any CPU
		{EB705139-AE89-4014-9CB2-A459A1DE1733}.AppStore|Any CPU.ActiveCfg = Release|Any CPU
		{EB705139-AE89-4014-9CB2-A459A1DE1733}.AppStore|Any CPU.Build.0 = Release|Any CPU
		{EB705139-AE89-4014-9CB2-A459A1DE1733}.AppStore|Any CPU.Deploy.0 = Release|Any CPU
		{EB705139-AE89-4014-9CB2-A459A1DE1733}.AppStore|ARM.ActiveCfg = Release|Any CPU
		{EB705139-AE89-4014-9CB2-A459A1DE1733}.AppStore|ARM.Build.0 = Release|Any CPU
		{EB705139-AE89-4014-9CB2-A459A1DE1733}.AppStore|ARM.Deploy.0 = Release|Any CPU
		{EB705139-AE89-4014-9CB2-A459A1DE1733}.AppStore|iPhone.ActiveCfg = Release|Any CPU
		{EB705139-AE89-4014-9CB2-A459A1DE1733}.AppStore|iPhone.Build.0 = Release|Any CPU
		{EB705139-AE89-4014-9CB2-A459A1DE1733}.AppStore|iPhone.Deploy.0 = Release|Any CPU
		{EB705139-AE89-4014-9CB2-A459A1DE1733}.AppStore|iPhoneSimulator.ActiveCfg = Release|Any CPU
		{EB705139-AE89-4014-9CB2-A459A1DE1733}.AppStore|iPhoneSimulator.Build.0 = Release|Any CPU
		{EB705139-AE89-4014-9CB2-A459A1DE1733}.AppStore|iPhoneSimulator.Deploy.0 = Release|Any CPU
		{EB705139-AE89-4014-9CB2-A459A1DE1733}.AppStore|x64.ActiveCfg = Release|Any CPU
		{EB705139-AE89-4014-9CB2-A459A1DE1733}.AppStore|x64.Build.0 = Release|Any CPU
		{EB705139-AE89-4014-9CB2-A459A1DE1733}.AppStore|x64.Deploy.0 = Release|Any CPU
		{EB705139-AE89-4014-9CB2-A459A1DE1733}.AppStore|x86.ActiveCfg = Release|Any CPU
		{EB705139-AE89-4014-9CB2-A459A1DE1733}.AppStore|x86.Build.0 = Release|Any CPU
		{EB705139-AE89-4014-9CB2-A459A1DE1733}.AppStore|x86.Deploy.0 = Release|Any CPU
		{EB705139-AE89-4014-9CB2-A459A1DE1733}.Debug|Any CPU.ActiveCfg = Debug|Any CPU
		{EB705139-AE89-4014-9CB2-A459A1DE1733}.Debug|Any CPU.Build.0 = Debug|Any CPU
		{EB705139-AE89-4014-9CB2-A459A1DE1733}.Debug|Any CPU.Deploy.0 = Debug|Any CPU
		{EB705139-AE89-4014-9CB2-A459A1DE1733}.Debug|ARM.ActiveCfg = Debug|Any CPU
		{EB705139-AE89-4014-9CB2-A459A1DE1733}.Debug|ARM.Build.0 = Debug|Any CPU
		{EB705139-AE89-4014-9CB2-A459A1DE1733}.Debug|ARM.Deploy.0 = Debug|Any CPU
		{EB705139-AE89-4014-9CB2-A459A1DE1733}.Debug|iPhone.ActiveCfg = Debug|Any CPU
		{EB705139-AE89-4014-9CB2-A459A1DE1733}.Debug|iPhone.Build.0 = Debug|Any CPU
		{EB705139-AE89-4014-9CB2-A459A1DE1733}.Debug|iPhone.Deploy.0 = Debug|Any CPU
		{EB705139-AE89-4014-9CB2-A459A1DE1733}.Debug|iPhoneSimulator.ActiveCfg = Debug|Any CPU
		{EB705139-AE89-4014-9CB2-A459A1DE1733}.Debug|iPhoneSimulator.Build.0 = Debug|Any CPU
		{EB705139-AE89-4014-9CB2-A459A1DE1733}.Debug|iPhoneSimulator.Deploy.0 = Debug|Any CPU
		{EB705139-AE89-4014-9CB2-A459A1DE1733}.Debug|x64.ActiveCfg = Debug|Any CPU
		{EB705139-AE89-4014-9CB2-A459A1DE1733}.Debug|x64.Build.0 = Debug|Any CPU
		{EB705139-AE89-4014-9CB2-A459A1DE1733}.Debug|x64.Deploy.0 = Debug|Any CPU
		{EB705139-AE89-4014-9CB2-A459A1DE1733}.Debug|x86.ActiveCfg = Debug|Any CPU
		{EB705139-AE89-4014-9CB2-A459A1DE1733}.Debug|x86.Build.0 = Debug|Any CPU
		{EB705139-AE89-4014-9CB2-A459A1DE1733}.Debug|x86.Deploy.0 = Debug|Any CPU
		{EB705139-AE89-4014-9CB2-A459A1DE1733}.Release|Any CPU.ActiveCfg = Release|Any CPU
		{EB705139-AE89-4014-9CB2-A459A1DE1733}.Release|Any CPU.Build.0 = Release|Any CPU
		{EB705139-AE89-4014-9CB2-A459A1DE1733}.Release|Any CPU.Deploy.0 = Release|Any CPU
		{EB705139-AE89-4014-9CB2-A459A1DE1733}.Release|ARM.ActiveCfg = Release|Any CPU
		{EB705139-AE89-4014-9CB2-A459A1DE1733}.Release|ARM.Build.0 = Release|Any CPU
		{EB705139-AE89-4014-9CB2-A459A1DE1733}.Release|ARM.Deploy.0 = Release|Any CPU
		{EB705139-AE89-4014-9CB2-A459A1DE1733}.Release|iPhone.ActiveCfg = Release|Any CPU
		{EB705139-AE89-4014-9CB2-A459A1DE1733}.Release|iPhone.Build.0 = Release|Any CPU
		{EB705139-AE89-4014-9CB2-A459A1DE1733}.Release|iPhone.Deploy.0 = Release|Any CPU
		{EB705139-AE89-4014-9CB2-A459A1DE1733}.Release|iPhoneSimulator.ActiveCfg = Release|Any CPU
		{EB705139-AE89-4014-9CB2-A459A1DE1733}.Release|iPhoneSimulator.Build.0 = Release|Any CPU
		{EB705139-AE89-4014-9CB2-A459A1DE1733}.Release|iPhoneSimulator.Deploy.0 = Release|Any CPU
		{EB705139-AE89-4014-9CB2-A459A1DE1733}.Release|x64.ActiveCfg = Release|Any CPU
		{EB705139-AE89-4014-9CB2-A459A1DE1733}.Release|x64.Build.0 = Release|Any CPU
		{EB705139-AE89-4014-9CB2-A459A1DE1733}.Release|x64.Deploy.0 = Release|Any CPU
		{EB705139-AE89-4014-9CB2-A459A1DE1733}.Release|x86.ActiveCfg = Release|Any CPU
		{EB705139-AE89-4014-9CB2-A459A1DE1733}.Release|x86.Build.0 = Release|Any CPU
		{EB705139-AE89-4014-9CB2-A459A1DE1733}.Release|x86.Deploy.0 = Release|Any CPU
		{DE29F9AF-2B73-4EA7-A4E3-3B62A37D85E4}.Ad-Hoc|Any CPU.ActiveCfg = Ad-Hoc|iPhone
		{DE29F9AF-2B73-4EA7-A4E3-3B62A37D85E4}.Ad-Hoc|ARM.ActiveCfg = Ad-Hoc|iPhone
		{DE29F9AF-2B73-4EA7-A4E3-3B62A37D85E4}.Ad-Hoc|iPhone.ActiveCfg = Ad-Hoc|iPhone
		{DE29F9AF-2B73-4EA7-A4E3-3B62A37D85E4}.Ad-Hoc|iPhone.Build.0 = Ad-Hoc|iPhone
		{DE29F9AF-2B73-4EA7-A4E3-3B62A37D85E4}.Ad-Hoc|iPhoneSimulator.ActiveCfg = Ad-Hoc|iPhoneSimulator
		{DE29F9AF-2B73-4EA7-A4E3-3B62A37D85E4}.Ad-Hoc|iPhoneSimulator.Build.0 = Ad-Hoc|iPhoneSimulator
		{DE29F9AF-2B73-4EA7-A4E3-3B62A37D85E4}.Ad-Hoc|x64.ActiveCfg = Ad-Hoc|iPhone
		{DE29F9AF-2B73-4EA7-A4E3-3B62A37D85E4}.Ad-Hoc|x86.ActiveCfg = Ad-Hoc|iPhone
		{DE29F9AF-2B73-4EA7-A4E3-3B62A37D85E4}.AppStore|Any CPU.ActiveCfg = AppStore|iPhone
		{DE29F9AF-2B73-4EA7-A4E3-3B62A37D85E4}.AppStore|ARM.ActiveCfg = AppStore|iPhone
		{DE29F9AF-2B73-4EA7-A4E3-3B62A37D85E4}.AppStore|iPhone.ActiveCfg = AppStore|iPhone
		{DE29F9AF-2B73-4EA7-A4E3-3B62A37D85E4}.AppStore|iPhone.Build.0 = AppStore|iPhone
		{DE29F9AF-2B73-4EA7-A4E3-3B62A37D85E4}.AppStore|iPhoneSimulator.ActiveCfg = AppStore|iPhoneSimulator
		{DE29F9AF-2B73-4EA7-A4E3-3B62A37D85E4}.AppStore|iPhoneSimulator.Build.0 = AppStore|iPhoneSimulator
		{DE29F9AF-2B73-4EA7-A4E3-3B62A37D85E4}.AppStore|x64.ActiveCfg = AppStore|iPhone
		{DE29F9AF-2B73-4EA7-A4E3-3B62A37D85E4}.AppStore|x86.ActiveCfg = AppStore|iPhone
		{DE29F9AF-2B73-4EA7-A4E3-3B62A37D85E4}.Debug|Any CPU.ActiveCfg = Debug|iPhone
		{DE29F9AF-2B73-4EA7-A4E3-3B62A37D85E4}.Debug|ARM.ActiveCfg = Debug|iPhone
		{DE29F9AF-2B73-4EA7-A4E3-3B62A37D85E4}.Debug|iPhone.ActiveCfg = Debug|iPhone
		{DE29F9AF-2B73-4EA7-A4E3-3B62A37D85E4}.Debug|iPhone.Build.0 = Debug|iPhone
		{DE29F9AF-2B73-4EA7-A4E3-3B62A37D85E4}.Debug|iPhoneSimulator.ActiveCfg = Debug|iPhoneSimulator
		{DE29F9AF-2B73-4EA7-A4E3-3B62A37D85E4}.Debug|iPhoneSimulator.Build.0 = Debug|iPhoneSimulator
		{DE29F9AF-2B73-4EA7-A4E3-3B62A37D85E4}.Debug|x64.ActiveCfg = Debug|iPhone
		{DE29F9AF-2B73-4EA7-A4E3-3B62A37D85E4}.Debug|x86.ActiveCfg = Debug|iPhone
		{DE29F9AF-2B73-4EA7-A4E3-3B62A37D85E4}.Release|Any CPU.ActiveCfg = Release|iPhone
		{DE29F9AF-2B73-4EA7-A4E3-3B62A37D85E4}.Release|ARM.ActiveCfg = Release|iPhone
		{DE29F9AF-2B73-4EA7-A4E3-3B62A37D85E4}.Release|iPhone.ActiveCfg = Release|iPhone
		{DE29F9AF-2B73-4EA7-A4E3-3B62A37D85E4}.Release|iPhone.Build.0 = Release|iPhone
		{DE29F9AF-2B73-4EA7-A4E3-3B62A37D85E4}.Release|iPhoneSimulator.ActiveCfg = Release|iPhoneSimulator
		{DE29F9AF-2B73-4EA7-A4E3-3B62A37D85E4}.Release|iPhoneSimulator.Build.0 = Release|iPhoneSimulator
		{DE29F9AF-2B73-4EA7-A4E3-3B62A37D85E4}.Release|x64.ActiveCfg = Release|iPhone
		{DE29F9AF-2B73-4EA7-A4E3-3B62A37D85E4}.Release|x86.ActiveCfg = Release|iPhone
		{D1763B72-6AD4-4BA7-AEA8-46F89E867F6F}.Ad-Hoc|Any CPU.ActiveCfg = Release|Any CPU
		{D1763B72-6AD4-4BA7-AEA8-46F89E867F6F}.Ad-Hoc|Any CPU.Build.0 = Release|Any CPU
		{D1763B72-6AD4-4BA7-AEA8-46F89E867F6F}.Ad-Hoc|Any CPU.Deploy.0 = Release|Any CPU
		{D1763B72-6AD4-4BA7-AEA8-46F89E867F6F}.Ad-Hoc|ARM.ActiveCfg = Release|ARM
		{D1763B72-6AD4-4BA7-AEA8-46F89E867F6F}.Ad-Hoc|ARM.Build.0 = Release|ARM
		{D1763B72-6AD4-4BA7-AEA8-46F89E867F6F}.Ad-Hoc|ARM.Deploy.0 = Release|ARM
		{D1763B72-6AD4-4BA7-AEA8-46F89E867F6F}.Ad-Hoc|iPhone.ActiveCfg = Release|Any CPU
		{D1763B72-6AD4-4BA7-AEA8-46F89E867F6F}.Ad-Hoc|iPhone.Build.0 = Release|Any CPU
		{D1763B72-6AD4-4BA7-AEA8-46F89E867F6F}.Ad-Hoc|iPhone.Deploy.0 = Release|Any CPU
		{D1763B72-6AD4-4BA7-AEA8-46F89E867F6F}.Ad-Hoc|iPhoneSimulator.ActiveCfg = Release|Any CPU
		{D1763B72-6AD4-4BA7-AEA8-46F89E867F6F}.Ad-Hoc|iPhoneSimulator.Build.0 = Release|Any CPU
		{D1763B72-6AD4-4BA7-AEA8-46F89E867F6F}.Ad-Hoc|iPhoneSimulator.Deploy.0 = Release|Any CPU
		{D1763B72-6AD4-4BA7-AEA8-46F89E867F6F}.Ad-Hoc|x64.ActiveCfg = Release|Any CPU
		{D1763B72-6AD4-4BA7-AEA8-46F89E867F6F}.Ad-Hoc|x64.Build.0 = Release|Any CPU
		{D1763B72-6AD4-4BA7-AEA8-46F89E867F6F}.Ad-Hoc|x64.Deploy.0 = Release|Any CPU
		{D1763B72-6AD4-4BA7-AEA8-46F89E867F6F}.Ad-Hoc|x86.ActiveCfg = Release|x86
		{D1763B72-6AD4-4BA7-AEA8-46F89E867F6F}.Ad-Hoc|x86.Build.0 = Release|x86
		{D1763B72-6AD4-4BA7-AEA8-46F89E867F6F}.Ad-Hoc|x86.Deploy.0 = Release|x86
		{D1763B72-6AD4-4BA7-AEA8-46F89E867F6F}.AppStore|Any CPU.ActiveCfg = Release|Any CPU
		{D1763B72-6AD4-4BA7-AEA8-46F89E867F6F}.AppStore|Any CPU.Build.0 = Release|Any CPU
		{D1763B72-6AD4-4BA7-AEA8-46F89E867F6F}.AppStore|Any CPU.Deploy.0 = Release|Any CPU
		{D1763B72-6AD4-4BA7-AEA8-46F89E867F6F}.AppStore|ARM.ActiveCfg = Release|ARM
		{D1763B72-6AD4-4BA7-AEA8-46F89E867F6F}.AppStore|ARM.Build.0 = Release|ARM
		{D1763B72-6AD4-4BA7-AEA8-46F89E867F6F}.AppStore|ARM.Deploy.0 = Release|ARM
		{D1763B72-6AD4-4BA7-AEA8-46F89E867F6F}.AppStore|iPhone.ActiveCfg = Release|Any CPU
		{D1763B72-6AD4-4BA7-AEA8-46F89E867F6F}.AppStore|iPhone.Build.0 = Release|Any CPU
		{D1763B72-6AD4-4BA7-AEA8-46F89E867F6F}.AppStore|iPhone.Deploy.0 = Release|Any CPU
		{D1763B72-6AD4-4BA7-AEA8-46F89E867F6F}.AppStore|iPhoneSimulator.ActiveCfg = Release|Any CPU
		{D1763B72-6AD4-4BA7-AEA8-46F89E867F6F}.AppStore|iPhoneSimulator.Build.0 = Release|Any CPU
		{D1763B72-6AD4-4BA7-AEA8-46F89E867F6F}.AppStore|iPhoneSimulator.Deploy.0 = Release|Any CPU
		{D1763B72-6AD4-4BA7-AEA8-46F89E867F6F}.AppStore|x64.ActiveCfg = Release|Any CPU
		{D1763B72-6AD4-4BA7-AEA8-46F89E867F6F}.AppStore|x64.Build.0 = Release|Any CPU
		{D1763B72-6AD4-4BA7-AEA8-46F89E867F6F}.AppStore|x64.Deploy.0 = Release|Any CPU
		{D1763B72-6AD4-4BA7-AEA8-46F89E867F6F}.AppStore|x86.ActiveCfg = Release|x86
		{D1763B72-6AD4-4BA7-AEA8-46F89E867F6F}.AppStore|x86.Build.0 = Release|x86
		{D1763B72-6AD4-4BA7-AEA8-46F89E867F6F}.AppStore|x86.Deploy.0 = Release|x86
		{D1763B72-6AD4-4BA7-AEA8-46F89E867F6F}.Debug|Any CPU.ActiveCfg = Debug|Any CPU
		{D1763B72-6AD4-4BA7-AEA8-46F89E867F6F}.Debug|Any CPU.Build.0 = Debug|Any CPU
		{D1763B72-6AD4-4BA7-AEA8-46F89E867F6F}.Debug|Any CPU.Deploy.0 = Debug|Any CPU
		{D1763B72-6AD4-4BA7-AEA8-46F89E867F6F}.Debug|ARM.ActiveCfg = Debug|ARM
		{D1763B72-6AD4-4BA7-AEA8-46F89E867F6F}.Debug|ARM.Build.0 = Debug|ARM
		{D1763B72-6AD4-4BA7-AEA8-46F89E867F6F}.Debug|ARM.Deploy.0 = Debug|ARM
		{D1763B72-6AD4-4BA7-AEA8-46F89E867F6F}.Debug|iPhone.ActiveCfg = Debug|Any CPU
		{D1763B72-6AD4-4BA7-AEA8-46F89E867F6F}.Debug|iPhone.Build.0 = Debug|Any CPU
		{D1763B72-6AD4-4BA7-AEA8-46F89E867F6F}.Debug|iPhone.Deploy.0 = Debug|Any CPU
		{D1763B72-6AD4-4BA7-AEA8-46F89E867F6F}.Debug|iPhoneSimulator.ActiveCfg = Debug|Any CPU
		{D1763B72-6AD4-4BA7-AEA8-46F89E867F6F}.Debug|iPhoneSimulator.Build.0 = Debug|Any CPU
		{D1763B72-6AD4-4BA7-AEA8-46F89E867F6F}.Debug|iPhoneSimulator.Deploy.0 = Debug|Any CPU
		{D1763B72-6AD4-4BA7-AEA8-46F89E867F6F}.Debug|x64.ActiveCfg = Debug|Any CPU
		{D1763B72-6AD4-4BA7-AEA8-46F89E867F6F}.Debug|x64.Build.0 = Debug|Any CPU
		{D1763B72-6AD4-4BA7-AEA8-46F89E867F6F}.Debug|x64.Deploy.0 = Debug|Any CPU
		{D1763B72-6AD4-4BA7-AEA8-46F89E867F6F}.Debug|x86.ActiveCfg = Debug|x86
		{D1763B72-6AD4-4BA7-AEA8-46F89E867F6F}.Debug|x86.Build.0 = Debug|x86
		{D1763B72-6AD4-4BA7-AEA8-46F89E867F6F}.Debug|x86.Deploy.0 = Debug|x86
		{D1763B72-6AD4-4BA7-AEA8-46F89E867F6F}.Release|Any CPU.ActiveCfg = Release|Any CPU
		{D1763B72-6AD4-4BA7-AEA8-46F89E867F6F}.Release|Any CPU.Build.0 = Release|Any CPU
		{D1763B72-6AD4-4BA7-AEA8-46F89E867F6F}.Release|Any CPU.Deploy.0 = Release|Any CPU
		{D1763B72-6AD4-4BA7-AEA8-46F89E867F6F}.Release|ARM.ActiveCfg = Release|ARM
		{D1763B72-6AD4-4BA7-AEA8-46F89E867F6F}.Release|ARM.Build.0 = Release|ARM
		{D1763B72-6AD4-4BA7-AEA8-46F89E867F6F}.Release|ARM.Deploy.0 = Release|ARM
		{D1763B72-6AD4-4BA7-AEA8-46F89E867F6F}.Release|iPhone.ActiveCfg = Release|Any CPU
		{D1763B72-6AD4-4BA7-AEA8-46F89E867F6F}.Release|iPhone.Build.0 = Release|Any CPU
		{D1763B72-6AD4-4BA7-AEA8-46F89E867F6F}.Release|iPhone.Deploy.0 = Release|Any CPU
		{D1763B72-6AD4-4BA7-AEA8-46F89E867F6F}.Release|iPhoneSimulator.ActiveCfg = Release|Any CPU
		{D1763B72-6AD4-4BA7-AEA8-46F89E867F6F}.Release|iPhoneSimulator.Build.0 = Release|Any CPU
		{D1763B72-6AD4-4BA7-AEA8-46F89E867F6F}.Release|iPhoneSimulator.Deploy.0 = Release|Any CPU
		{D1763B72-6AD4-4BA7-AEA8-46F89E867F6F}.Release|x64.ActiveCfg = Release|Any CPU
		{D1763B72-6AD4-4BA7-AEA8-46F89E867F6F}.Release|x64.Build.0 = Release|Any CPU
		{D1763B72-6AD4-4BA7-AEA8-46F89E867F6F}.Release|x64.Deploy.0 = Release|Any CPU
		{D1763B72-6AD4-4BA7-AEA8-46F89E867F6F}.Release|x86.ActiveCfg = Release|x86
		{D1763B72-6AD4-4BA7-AEA8-46F89E867F6F}.Release|x86.Build.0 = Release|x86
		{D1763B72-6AD4-4BA7-AEA8-46F89E867F6F}.Release|x86.Deploy.0 = Release|x86
		{E4313256-2279-4D81-B6DE-6767A6319377}.Ad-Hoc|Any CPU.ActiveCfg = Release|x86
		{E4313256-2279-4D81-B6DE-6767A6319377}.Ad-Hoc|Any CPU.Build.0 = Release|x86
		{E4313256-2279-4D81-B6DE-6767A6319377}.Ad-Hoc|Any CPU.Deploy.0 = Release|x86
		{E4313256-2279-4D81-B6DE-6767A6319377}.Ad-Hoc|ARM.ActiveCfg = Release|ARM
		{E4313256-2279-4D81-B6DE-6767A6319377}.Ad-Hoc|ARM.Build.0 = Release|ARM
		{E4313256-2279-4D81-B6DE-6767A6319377}.Ad-Hoc|ARM.Deploy.0 = Release|ARM
		{E4313256-2279-4D81-B6DE-6767A6319377}.Ad-Hoc|iPhone.ActiveCfg = Release|x86
		{E4313256-2279-4D81-B6DE-6767A6319377}.Ad-Hoc|iPhone.Build.0 = Release|x86
		{E4313256-2279-4D81-B6DE-6767A6319377}.Ad-Hoc|iPhone.Deploy.0 = Release|x86
		{E4313256-2279-4D81-B6DE-6767A6319377}.Ad-Hoc|iPhoneSimulator.ActiveCfg = Release|x86
		{E4313256-2279-4D81-B6DE-6767A6319377}.Ad-Hoc|iPhoneSimulator.Build.0 = Release|x86
		{E4313256-2279-4D81-B6DE-6767A6319377}.Ad-Hoc|iPhoneSimulator.Deploy.0 = Release|x86
		{E4313256-2279-4D81-B6DE-6767A6319377}.Ad-Hoc|x64.ActiveCfg = Release|x64
		{E4313256-2279-4D81-B6DE-6767A6319377}.Ad-Hoc|x64.Build.0 = Release|x64
		{E4313256-2279-4D81-B6DE-6767A6319377}.Ad-Hoc|x64.Deploy.0 = Release|x64
		{E4313256-2279-4D81-B6DE-6767A6319377}.Ad-Hoc|x86.ActiveCfg = Release|x86
		{E4313256-2279-4D81-B6DE-6767A6319377}.Ad-Hoc|x86.Build.0 = Release|x86
		{E4313256-2279-4D81-B6DE-6767A6319377}.Ad-Hoc|x86.Deploy.0 = Release|x86
		{E4313256-2279-4D81-B6DE-6767A6319377}.AppStore|Any CPU.ActiveCfg = Release|x86
		{E4313256-2279-4D81-B6DE-6767A6319377}.AppStore|Any CPU.Build.0 = Release|x86
		{E4313256-2279-4D81-B6DE-6767A6319377}.AppStore|Any CPU.Deploy.0 = Release|x86
		{E4313256-2279-4D81-B6DE-6767A6319377}.AppStore|ARM.ActiveCfg = Release|ARM
		{E4313256-2279-4D81-B6DE-6767A6319377}.AppStore|ARM.Build.0 = Release|ARM
		{E4313256-2279-4D81-B6DE-6767A6319377}.AppStore|ARM.Deploy.0 = Release|ARM
		{E4313256-2279-4D81-B6DE-6767A6319377}.AppStore|iPhone.ActiveCfg = Release|x86
		{E4313256-2279-4D81-B6DE-6767A6319377}.AppStore|iPhone.Build.0 = Release|x86
		{E4313256-2279-4D81-B6DE-6767A6319377}.AppStore|iPhone.Deploy.0 = Release|x86
		{E4313256-2279-4D81-B6DE-6767A6319377}.AppStore|iPhoneSimulator.ActiveCfg = Release|x86
		{E4313256-2279-4D81-B6DE-6767A6319377}.AppStore|iPhoneSimulator.Build.0 = Release|x86
		{E4313256-2279-4D81-B6DE-6767A6319377}.AppStore|iPhoneSimulator.Deploy.0 = Release|x86
		{E4313256-2279-4D81-B6DE-6767A6319377}.AppStore|x64.ActiveCfg = Release|x64
		{E4313256-2279-4D81-B6DE-6767A6319377}.AppStore|x64.Build.0 = Release|x64
		{E4313256-2279-4D81-B6DE-6767A6319377}.AppStore|x64.Deploy.0 = Release|x64
		{E4313256-2279-4D81-B6DE-6767A6319377}.AppStore|x86.ActiveCfg = Release|x86
		{E4313256-2279-4D81-B6DE-6767A6319377}.AppStore|x86.Build.0 = Release|x86
		{E4313256-2279-4D81-B6DE-6767A6319377}.AppStore|x86.Deploy.0 = Release|x86
		{E4313256-2279-4D81-B6DE-6767A6319377}.Debug|Any CPU.ActiveCfg = Debug|x86
		{E4313256-2279-4D81-B6DE-6767A6319377}.Debug|ARM.ActiveCfg = Debug|ARM
		{E4313256-2279-4D81-B6DE-6767A6319377}.Debug|ARM.Build.0 = Debug|ARM
		{E4313256-2279-4D81-B6DE-6767A6319377}.Debug|ARM.Deploy.0 = Debug|ARM
		{E4313256-2279-4D81-B6DE-6767A6319377}.Debug|iPhone.ActiveCfg = Debug|x86
		{E4313256-2279-4D81-B6DE-6767A6319377}.Debug|iPhoneSimulator.ActiveCfg = Debug|x86
		{E4313256-2279-4D81-B6DE-6767A6319377}.Debug|x64.ActiveCfg = Debug|x64
		{E4313256-2279-4D81-B6DE-6767A6319377}.Debug|x64.Build.0 = Debug|x64
		{E4313256-2279-4D81-B6DE-6767A6319377}.Debug|x64.Deploy.0 = Debug|x64
		{E4313256-2279-4D81-B6DE-6767A6319377}.Debug|x86.ActiveCfg = Debug|x86
		{E4313256-2279-4D81-B6DE-6767A6319377}.Debug|x86.Build.0 = Debug|x86
		{E4313256-2279-4D81-B6DE-6767A6319377}.Debug|x86.Deploy.0 = Debug|x86
		{E4313256-2279-4D81-B6DE-6767A6319377}.Release|Any CPU.ActiveCfg = Release|x86
		{E4313256-2279-4D81-B6DE-6767A6319377}.Release|ARM.ActiveCfg = Release|ARM
		{E4313256-2279-4D81-B6DE-6767A6319377}.Release|ARM.Build.0 = Release|ARM
		{E4313256-2279-4D81-B6DE-6767A6319377}.Release|ARM.Deploy.0 = Release|ARM
		{E4313256-2279-4D81-B6DE-6767A6319377}.Release|iPhone.ActiveCfg = Release|x86
		{E4313256-2279-4D81-B6DE-6767A6319377}.Release|iPhoneSimulator.ActiveCfg = Release|x86
		{E4313256-2279-4D81-B6DE-6767A6319377}.Release|x64.ActiveCfg = Release|x64
		{E4313256-2279-4D81-B6DE-6767A6319377}.Release|x64.Build.0 = Release|x64
		{E4313256-2279-4D81-B6DE-6767A6319377}.Release|x64.Deploy.0 = Release|x64
		{E4313256-2279-4D81-B6DE-6767A6319377}.Release|x86.ActiveCfg = Release|x86
		{E4313256-2279-4D81-B6DE-6767A6319377}.Release|x86.Build.0 = Release|x86
		{E4313256-2279-4D81-B6DE-6767A6319377}.Release|x86.Deploy.0 = Release|x86
		{BBFF950C-5F67-435D-BFFC-EA61BEB66A4C}.Ad-Hoc|Any CPU.ActiveCfg = Release|Any CPU
		{BBFF950C-5F67-435D-BFFC-EA61BEB66A4C}.Ad-Hoc|Any CPU.Build.0 = Release|Any CPU
		{BBFF950C-5F67-435D-BFFC-EA61BEB66A4C}.Ad-Hoc|Any CPU.Deploy.0 = Release|Any CPU
		{BBFF950C-5F67-435D-BFFC-EA61BEB66A4C}.Ad-Hoc|ARM.ActiveCfg = Release|ARM
		{BBFF950C-5F67-435D-BFFC-EA61BEB66A4C}.Ad-Hoc|ARM.Build.0 = Release|ARM
		{BBFF950C-5F67-435D-BFFC-EA61BEB66A4C}.Ad-Hoc|ARM.Deploy.0 = Release|ARM
		{BBFF950C-5F67-435D-BFFC-EA61BEB66A4C}.Ad-Hoc|iPhone.ActiveCfg = Release|Any CPU
		{BBFF950C-5F67-435D-BFFC-EA61BEB66A4C}.Ad-Hoc|iPhone.Build.0 = Release|Any CPU
		{BBFF950C-5F67-435D-BFFC-EA61BEB66A4C}.Ad-Hoc|iPhone.Deploy.0 = Release|Any CPU
		{BBFF950C-5F67-435D-BFFC-EA61BEB66A4C}.Ad-Hoc|iPhoneSimulator.ActiveCfg = Release|Any CPU
		{BBFF950C-5F67-435D-BFFC-EA61BEB66A4C}.Ad-Hoc|iPhoneSimulator.Build.0 = Release|Any CPU
		{BBFF950C-5F67-435D-BFFC-EA61BEB66A4C}.Ad-Hoc|iPhoneSimulator.Deploy.0 = Release|Any CPU
		{BBFF950C-5F67-435D-BFFC-EA61BEB66A4C}.Ad-Hoc|x64.ActiveCfg = Release|x64
		{BBFF950C-5F67-435D-BFFC-EA61BEB66A4C}.Ad-Hoc|x64.Build.0 = Release|x64
		{BBFF950C-5F67-435D-BFFC-EA61BEB66A4C}.Ad-Hoc|x64.Deploy.0 = Release|x64
		{BBFF950C-5F67-435D-BFFC-EA61BEB66A4C}.Ad-Hoc|x86.ActiveCfg = Release|x86
		{BBFF950C-5F67-435D-BFFC-EA61BEB66A4C}.Ad-Hoc|x86.Build.0 = Release|x86
		{BBFF950C-5F67-435D-BFFC-EA61BEB66A4C}.Ad-Hoc|x86.Deploy.0 = Release|x86
		{BBFF950C-5F67-435D-BFFC-EA61BEB66A4C}.AppStore|Any CPU.ActiveCfg = Release|Any CPU
		{BBFF950C-5F67-435D-BFFC-EA61BEB66A4C}.AppStore|Any CPU.Build.0 = Release|Any CPU
		{BBFF950C-5F67-435D-BFFC-EA61BEB66A4C}.AppStore|Any CPU.Deploy.0 = Release|Any CPU
		{BBFF950C-5F67-435D-BFFC-EA61BEB66A4C}.AppStore|ARM.ActiveCfg = Release|ARM
		{BBFF950C-5F67-435D-BFFC-EA61BEB66A4C}.AppStore|ARM.Build.0 = Release|ARM
		{BBFF950C-5F67-435D-BFFC-EA61BEB66A4C}.AppStore|ARM.Deploy.0 = Release|ARM
		{BBFF950C-5F67-435D-BFFC-EA61BEB66A4C}.AppStore|iPhone.ActiveCfg = Release|Any CPU
		{BBFF950C-5F67-435D-BFFC-EA61BEB66A4C}.AppStore|iPhone.Build.0 = Release|Any CPU
		{BBFF950C-5F67-435D-BFFC-EA61BEB66A4C}.AppStore|iPhone.Deploy.0 = Release|Any CPU
		{BBFF950C-5F67-435D-BFFC-EA61BEB66A4C}.AppStore|iPhoneSimulator.ActiveCfg = Release|Any CPU
		{BBFF950C-5F67-435D-BFFC-EA61BEB66A4C}.AppStore|iPhoneSimulator.Build.0 = Release|Any CPU
		{BBFF950C-5F67-435D-BFFC-EA61BEB66A4C}.AppStore|iPhoneSimulator.Deploy.0 = Release|Any CPU
		{BBFF950C-5F67-435D-BFFC-EA61BEB66A4C}.AppStore|x64.ActiveCfg = Release|x64
		{BBFF950C-5F67-435D-BFFC-EA61BEB66A4C}.AppStore|x64.Build.0 = Release|x64
		{BBFF950C-5F67-435D-BFFC-EA61BEB66A4C}.AppStore|x64.Deploy.0 = Release|x64
		{BBFF950C-5F67-435D-BFFC-EA61BEB66A4C}.AppStore|x86.ActiveCfg = Release|x86
		{BBFF950C-5F67-435D-BFFC-EA61BEB66A4C}.AppStore|x86.Build.0 = Release|x86
		{BBFF950C-5F67-435D-BFFC-EA61BEB66A4C}.AppStore|x86.Deploy.0 = Release|x86
		{BBFF950C-5F67-435D-BFFC-EA61BEB66A4C}.Debug|Any CPU.ActiveCfg = Debug|Any CPU
		{BBFF950C-5F67-435D-BFFC-EA61BEB66A4C}.Debug|Any CPU.Build.0 = Debug|Any CPU
		{BBFF950C-5F67-435D-BFFC-EA61BEB66A4C}.Debug|Any CPU.Deploy.0 = Debug|Any CPU
		{BBFF950C-5F67-435D-BFFC-EA61BEB66A4C}.Debug|ARM.ActiveCfg = Debug|ARM
		{BBFF950C-5F67-435D-BFFC-EA61BEB66A4C}.Debug|ARM.Build.0 = Debug|ARM
		{BBFF950C-5F67-435D-BFFC-EA61BEB66A4C}.Debug|ARM.Deploy.0 = Debug|ARM
		{BBFF950C-5F67-435D-BFFC-EA61BEB66A4C}.Debug|iPhone.ActiveCfg = Debug|Any CPU
		{BBFF950C-5F67-435D-BFFC-EA61BEB66A4C}.Debug|iPhone.Build.0 = Debug|Any CPU
		{BBFF950C-5F67-435D-BFFC-EA61BEB66A4C}.Debug|iPhone.Deploy.0 = Debug|Any CPU
		{BBFF950C-5F67-435D-BFFC-EA61BEB66A4C}.Debug|iPhoneSimulator.ActiveCfg = Debug|Any CPU
		{BBFF950C-5F67-435D-BFFC-EA61BEB66A4C}.Debug|iPhoneSimulator.Build.0 = Debug|Any CPU
		{BBFF950C-5F67-435D-BFFC-EA61BEB66A4C}.Debug|iPhoneSimulator.Deploy.0 = Debug|Any CPU
		{BBFF950C-5F67-435D-BFFC-EA61BEB66A4C}.Debug|x64.ActiveCfg = Debug|x64
		{BBFF950C-5F67-435D-BFFC-EA61BEB66A4C}.Debug|x64.Build.0 = Debug|x64
		{BBFF950C-5F67-435D-BFFC-EA61BEB66A4C}.Debug|x64.Deploy.0 = Debug|x64
		{BBFF950C-5F67-435D-BFFC-EA61BEB66A4C}.Debug|x86.ActiveCfg = Debug|x86
		{BBFF950C-5F67-435D-BFFC-EA61BEB66A4C}.Debug|x86.Build.0 = Debug|x86
		{BBFF950C-5F67-435D-BFFC-EA61BEB66A4C}.Debug|x86.Deploy.0 = Debug|x86
		{BBFF950C-5F67-435D-BFFC-EA61BEB66A4C}.Release|Any CPU.ActiveCfg = Release|Any CPU
		{BBFF950C-5F67-435D-BFFC-EA61BEB66A4C}.Release|Any CPU.Build.0 = Release|Any CPU
		{BBFF950C-5F67-435D-BFFC-EA61BEB66A4C}.Release|Any CPU.Deploy.0 = Release|Any CPU
		{BBFF950C-5F67-435D-BFFC-EA61BEB66A4C}.Release|ARM.ActiveCfg = Release|ARM
		{BBFF950C-5F67-435D-BFFC-EA61BEB66A4C}.Release|ARM.Build.0 = Release|ARM
		{BBFF950C-5F67-435D-BFFC-EA61BEB66A4C}.Release|ARM.Deploy.0 = Release|ARM
		{BBFF950C-5F67-435D-BFFC-EA61BEB66A4C}.Release|iPhone.ActiveCfg = Release|Any CPU
		{BBFF950C-5F67-435D-BFFC-EA61BEB66A4C}.Release|iPhone.Build.0 = Release|Any CPU
		{BBFF950C-5F67-435D-BFFC-EA61BEB66A4C}.Release|iPhone.Deploy.0 = Release|Any CPU
		{BBFF950C-5F67-435D-BFFC-EA61BEB66A4C}.Release|iPhoneSimulator.ActiveCfg = Release|Any CPU
		{BBFF950C-5F67-435D-BFFC-EA61BEB66A4C}.Release|iPhoneSimulator.Build.0 = Release|Any CPU
		{BBFF950C-5F67-435D-BFFC-EA61BEB66A4C}.Release|iPhoneSimulator.Deploy.0 = Release|Any CPU
		{BBFF950C-5F67-435D-BFFC-EA61BEB66A4C}.Release|x64.ActiveCfg = Release|x64
		{BBFF950C-5F67-435D-BFFC-EA61BEB66A4C}.Release|x64.Build.0 = Release|x64
		{BBFF950C-5F67-435D-BFFC-EA61BEB66A4C}.Release|x64.Deploy.0 = Release|x64
		{BBFF950C-5F67-435D-BFFC-EA61BEB66A4C}.Release|x86.ActiveCfg = Release|x86
		{BBFF950C-5F67-435D-BFFC-EA61BEB66A4C}.Release|x86.Build.0 = Release|x86
		{BBFF950C-5F67-435D-BFFC-EA61BEB66A4C}.Release|x86.Deploy.0 = Release|x86
		{417CFE16-B0CC-4C93-8A1F-EACE50CB4227}.Ad-Hoc|Any CPU.ActiveCfg = Release|Any CPU
		{417CFE16-B0CC-4C93-8A1F-EACE50CB4227}.Ad-Hoc|Any CPU.Build.0 = Release|Any CPU
		{417CFE16-B0CC-4C93-8A1F-EACE50CB4227}.Ad-Hoc|ARM.ActiveCfg = Release|Any CPU
		{417CFE16-B0CC-4C93-8A1F-EACE50CB4227}.Ad-Hoc|ARM.Build.0 = Release|Any CPU
		{417CFE16-B0CC-4C93-8A1F-EACE50CB4227}.Ad-Hoc|iPhone.ActiveCfg = Release|Any CPU
		{417CFE16-B0CC-4C93-8A1F-EACE50CB4227}.Ad-Hoc|iPhone.Build.0 = Release|Any CPU
		{417CFE16-B0CC-4C93-8A1F-EACE50CB4227}.Ad-Hoc|iPhoneSimulator.ActiveCfg = Release|Any CPU
		{417CFE16-B0CC-4C93-8A1F-EACE50CB4227}.Ad-Hoc|iPhoneSimulator.Build.0 = Release|Any CPU
		{417CFE16-B0CC-4C93-8A1F-EACE50CB4227}.Ad-Hoc|x64.ActiveCfg = Release|Any CPU
		{417CFE16-B0CC-4C93-8A1F-EACE50CB4227}.Ad-Hoc|x64.Build.0 = Release|Any CPU
		{417CFE16-B0CC-4C93-8A1F-EACE50CB4227}.Ad-Hoc|x86.ActiveCfg = Release|Any CPU
		{417CFE16-B0CC-4C93-8A1F-EACE50CB4227}.Ad-Hoc|x86.Build.0 = Release|Any CPU
		{417CFE16-B0CC-4C93-8A1F-EACE50CB4227}.AppStore|Any CPU.ActiveCfg = Release|Any CPU
		{417CFE16-B0CC-4C93-8A1F-EACE50CB4227}.AppStore|Any CPU.Build.0 = Release|Any CPU
		{417CFE16-B0CC-4C93-8A1F-EACE50CB4227}.AppStore|ARM.ActiveCfg = Release|Any CPU
		{417CFE16-B0CC-4C93-8A1F-EACE50CB4227}.AppStore|ARM.Build.0 = Release|Any CPU
		{417CFE16-B0CC-4C93-8A1F-EACE50CB4227}.AppStore|iPhone.ActiveCfg = Release|Any CPU
		{417CFE16-B0CC-4C93-8A1F-EACE50CB4227}.AppStore|iPhone.Build.0 = Release|Any CPU
		{417CFE16-B0CC-4C93-8A1F-EACE50CB4227}.AppStore|iPhoneSimulator.ActiveCfg = Release|Any CPU
		{417CFE16-B0CC-4C93-8A1F-EACE50CB4227}.AppStore|iPhoneSimulator.Build.0 = Release|Any CPU
		{417CFE16-B0CC-4C93-8A1F-EACE50CB4227}.AppStore|x64.ActiveCfg = Release|Any CPU
		{417CFE16-B0CC-4C93-8A1F-EACE50CB4227}.AppStore|x64.Build.0 = Release|Any CPU
		{417CFE16-B0CC-4C93-8A1F-EACE50CB4227}.AppStore|x86.ActiveCfg = Release|Any CPU
		{417CFE16-B0CC-4C93-8A1F-EACE50CB4227}.AppStore|x86.Build.0 = Release|Any CPU
		{417CFE16-B0CC-4C93-8A1F-EACE50CB4227}.Debug|Any CPU.ActiveCfg = Debug|Any CPU
		{417CFE16-B0CC-4C93-8A1F-EACE50CB4227}.Debug|Any CPU.Build.0 = Debug|Any CPU
		{417CFE16-B0CC-4C93-8A1F-EACE50CB4227}.Debug|ARM.ActiveCfg = Debug|Any CPU
		{417CFE16-B0CC-4C93-8A1F-EACE50CB4227}.Debug|ARM.Build.0 = Debug|Any CPU
		{417CFE16-B0CC-4C93-8A1F-EACE50CB4227}.Debug|iPhone.ActiveCfg = Debug|Any CPU
		{417CFE16-B0CC-4C93-8A1F-EACE50CB4227}.Debug|iPhone.Build.0 = Debug|Any CPU
		{417CFE16-B0CC-4C93-8A1F-EACE50CB4227}.Debug|iPhoneSimulator.ActiveCfg = Debug|Any CPU
		{417CFE16-B0CC-4C93-8A1F-EACE50CB4227}.Debug|iPhoneSimulator.Build.0 = Debug|Any CPU
		{417CFE16-B0CC-4C93-8A1F-EACE50CB4227}.Debug|x64.ActiveCfg = Debug|Any CPU
		{417CFE16-B0CC-4C93-8A1F-EACE50CB4227}.Debug|x64.Build.0 = Debug|Any CPU
		{417CFE16-B0CC-4C93-8A1F-EACE50CB4227}.Debug|x86.ActiveCfg = Debug|Any CPU
		{417CFE16-B0CC-4C93-8A1F-EACE50CB4227}.Debug|x86.Build.0 = Debug|Any CPU
		{417CFE16-B0CC-4C93-8A1F-EACE50CB4227}.Release|Any CPU.ActiveCfg = Release|Any CPU
		{417CFE16-B0CC-4C93-8A1F-EACE50CB4227}.Release|Any CPU.Build.0 = Release|Any CPU
		{417CFE16-B0CC-4C93-8A1F-EACE50CB4227}.Release|ARM.ActiveCfg = Release|Any CPU
		{417CFE16-B0CC-4C93-8A1F-EACE50CB4227}.Release|ARM.Build.0 = Release|Any CPU
		{417CFE16-B0CC-4C93-8A1F-EACE50CB4227}.Release|iPhone.ActiveCfg = Release|Any CPU
		{417CFE16-B0CC-4C93-8A1F-EACE50CB4227}.Release|iPhone.Build.0 = Release|Any CPU
		{417CFE16-B0CC-4C93-8A1F-EACE50CB4227}.Release|iPhoneSimulator.ActiveCfg = Release|Any CPU
		{417CFE16-B0CC-4C93-8A1F-EACE50CB4227}.Release|iPhoneSimulator.Build.0 = Release|Any CPU
		{417CFE16-B0CC-4C93-8A1F-EACE50CB4227}.Release|x64.ActiveCfg = Release|Any CPU
		{417CFE16-B0CC-4C93-8A1F-EACE50CB4227}.Release|x64.Build.0 = Release|Any CPU
		{417CFE16-B0CC-4C93-8A1F-EACE50CB4227}.Release|x86.ActiveCfg = Release|Any CPU
		{417CFE16-B0CC-4C93-8A1F-EACE50CB4227}.Release|x86.Build.0 = Release|Any CPU
	EndGlobalSection
	GlobalSection(SolutionProperties) = preSolution
		HideSolutionNode = FALSE
	EndGlobalSection
EndGlobal
